
Microsoft Visual Studio Solution File, Format Version 12.00
# Visual Studio 15
VisualStudioVersion = 15.0.28307.1082
MinimumVisualStudioVersion = 10.0.40219.1
Project("{FAE04EC0-301F-11D3-BF4B-00C04F79EFBC}") = "WpfApp1", "WpfApp1\WpfApp1.csproj", "{AC12187B-630D-4730-9E1A-5CEE9FEB3637}"
EndProject
Global
	GlobalSection(SolutionConfigurationPlatforms) = preSolution
		Debug|Any CPU = Debug|Any CPU
		Release|Any CPU = Release|Any CPU
	EndGlobalSection
	GlobalSection(ProjectConfigurationPlatforms) = postSolution
		{AC12187B-630D-4730-9E1A-5CEE9FEB3637}.Debug|Any CPU.ActiveCfg = Debug|Any CPU
		{AC12187B-630D-4730-9E1A-5CEE9FEB3637}.Debug|Any CPU.Build.0 = Debug|Any CPU
		{AC12187B-630D-4730-9E1A-5CEE9FEB3637}.Release|Any CPU.ActiveCfg = Release|Any CPU
		{AC12187B-630D-4730-9E1A-5CEE9FEB3637}.Release|Any CPU.Build.0 = Release|Any CPU
	EndGlobalSection
	GlobalSection(SolutionProperties) = preSolution
		HideSolutionNode = FALSE
	EndGlobalSection
	GlobalSection(ExtensibilityGlobals) = postSolution
		SolutionGuid = {37B04CE2-B708-4A5E-91C8-A88BF5C14A75}
	EndGlobalSection
EndGlobal
